
Microsoft Visual Studio Solution File, Format Version 12.00
# Visual Studio 15
VisualStudioVersion = 15.0.28307.271
MinimumVisualStudioVersion = 10.0.40219.1
Project("{8BC9CEB8-8B4A-11D0-8D11-00A0C91BC942}") = "SilentKeylogger", "SilentKeylogger\SilentKeylogger.vcxproj", "{49DD170C-F5CD-4A64-909D-503D4EA6E229}"
EndProject
Global
	GlobalSection(SolutionConfigurationPlatforms) = preSolution
		Debug|x64 = Debug|x64
		Debug|x86 = Debug|x86
		Release|x64 = Release|x64
		Release|x86 = Release|x86
	EndGlobalSection
	GlobalSection(ProjectConfigurationPlatforms) = postSolution
		{49DD170C-F5CD-4A64-909D-503D4EA6E229}.Debug|x64.ActiveCfg = Debug|x64
		{49DD170C-F5CD-4A64-909D-503D4EA6E229}.Debug|x64.Build.0 = Debug|x64
		{49DD170C-F5CD-4A64-909D-503D4EA6E229}.Debug|x86.ActiveCfg = Debug|Win32
		{49DD170C-F5CD-4A64-909D-503D4EA6E229}.Debug|x86.Build.0 = Debug|Win32
		{49DD170C-F5CD-4A64-909D-503D4EA6E229}.Release|x64.ActiveCfg = Release|x64
		{49DD170C-F5CD-4A64-909D-503D4EA6E229}.Release|x64.Build.0 = Release|x64
		{49DD170C-F5CD-4A64-909D-503D4EA6E229}.Release|x86.ActiveCfg = Release|Win32
		{49DD170C-F5CD-4A64-909D-503D4EA6E229}.Release|x86.Build.0 = Release|Win32
	EndGlobalSection
	GlobalSection(SolutionProperties) = preSolution
		HideSolutionNode = FALSE
	EndGlobalSection
	GlobalSection(ExtensibilityGlobals) = postSolution
		SolutionGuid = {C2502738-CE66-4E8D-8D42-88B983474F00}
	EndGlobalSection
EndGlobal
